
Microsoft Visual Studio Solution File, Format Version 12.00
# Visual Studio Version 16
VisualStudioVersion = 16.0.29411.108
MinimumVisualStudioVersion = 10.0.40219.1
Project("{FAE04EC0-301F-11D3-BF4B-00C04F79EFBC}") = "Task01", "Homework06\Task01.csproj", "{E2B13D14-4B2B-4791-972C-80FF5F788EB8}"
EndProject
Project("{FAE04EC0-301F-11D3-BF4B-00C04F79EFBC}") = "Task02", "Task02\Task02.csproj", "{D78E62D2-4DF2-4286-B3D8-8182F9F08CD2}"
EndProject
Global
	GlobalSection(SolutionConfigurationPlatforms) = preSolution
		Debug|Any CPU = Debug|Any CPU
		Release|Any CPU = Release|Any CPU
	EndGlobalSection
	GlobalSection(ProjectConfigurationPlatforms) = postSolution
		{E2B13D14-4B2B-4791-972C-80FF5F788EB8}.Debug|Any CPU.ActiveCfg = Debug|Any CPU
		{E2B13D14-4B2B-4791-972C-80FF5F788EB8}.Debug|Any CPU.Build.0 = Debug|Any CPU
		{E2B13D14-4B2B-4791-972C-80FF5F788EB8}.Release|Any CPU.ActiveCfg = Release|Any CPU
		{E2B13D14-4B2B-4791-972C-80FF5F788EB8}.Release|Any CPU.Build.0 = Release|Any CPU
		{D78E62D2-4DF2-4286-B3D8-8182F9F08CD2}.Debug|Any CPU.ActiveCfg = Debug|Any CPU
		{D78E62D2-4DF2-4286-B3D8-8182F9F08CD2}.Debug|Any CPU.Build.0 = Debug|Any CPU
		{D78E62D2-4DF2-4286-B3D8-8182F9F08CD2}.Release|Any CPU.ActiveCfg = Release|Any CPU
		{D78E62D2-4DF2-4286-B3D8-8182F9F08CD2}.Release|Any CPU.Build.0 = Release|Any CPU
	EndGlobalSection
	GlobalSection(SolutionProperties) = preSolution
		HideSolutionNode = FALSE
	EndGlobalSection
	GlobalSection(ExtensibilityGlobals) = postSolution
		SolutionGuid = {25CDF4E8-EA12-4684-A84E-304E17400E39}
	EndGlobalSection
EndGlobal
