
Microsoft Visual Studio Solution File, Format Version 12.00
# Visual Studio Version 16
VisualStudioVersion = 16.0.29609.76
MinimumVisualStudioVersion = 10.0.40219.1
Project("{FAE04EC0-301F-11D3-BF4B-00C04F79EFBC}") = "Task01", "Task01\Task01.csproj", "{FF5D97E9-893B-413D-B582-8D962E90FC44}"
EndProject
Global
	GlobalSection(SolutionConfigurationPlatforms) = preSolution
		Debug|Any CPU = Debug|Any CPU
		Release|Any CPU = Release|Any CPU
	EndGlobalSection
	GlobalSection(ProjectConfigurationPlatforms) = postSolution
		{FF5D97E9-893B-413D-B582-8D962E90FC44}.Debug|Any CPU.ActiveCfg = Debug|Any CPU
		{FF5D97E9-893B-413D-B582-8D962E90FC44}.Debug|Any CPU.Build.0 = Debug|Any CPU
		{FF5D97E9-893B-413D-B582-8D962E90FC44}.Release|Any CPU.ActiveCfg = Release|Any CPU
		{FF5D97E9-893B-413D-B582-8D962E90FC44}.Release|Any CPU.Build.0 = Release|Any CPU
	EndGlobalSection
	GlobalSection(SolutionProperties) = preSolution
		HideSolutionNode = FALSE
	EndGlobalSection
	GlobalSection(ExtensibilityGlobals) = postSolution
		SolutionGuid = {A75E4AEB-2795-42CE-BA31-D0BA780BA0CF}
	EndGlobalSection
EndGlobal
