
Microsoft Visual Studio Solution File, Format Version 12.00
# Visual Studio Version 16
VisualStudioVersion = 16.0.29411.108
MinimumVisualStudioVersion = 10.0.40219.1
Project("{FAE04EC0-301F-11D3-BF4B-00C04F79EFBC}") = "Task01", "Task01\Task01.csproj", "{5EED3DDE-B797-4006-A542-2B1A876F2D11}"
EndProject
Project("{FAE04EC0-301F-11D3-BF4B-00C04F79EFBC}") = "Task2", "Task2\Task2.csproj", "{ABEB498C-6BED-431F-B0CD-6BE3B3F42416}"
EndProject
Project("{FAE04EC0-301F-11D3-BF4B-00C04F79EFBC}") = "Task3", "Task3\Task3.csproj", "{E287C913-30C4-4166-B3BC-6231873A8226}"
EndProject
Project("{FAE04EC0-301F-11D3-BF4B-00C04F79EFBC}") = "Task4", "Task4\Task4.csproj", "{7D41F178-55C9-4BCF-BC38-77FEA10A0671}"
EndProject
Global
	GlobalSection(SolutionConfigurationPlatforms) = preSolution
		Debug|Any CPU = Debug|Any CPU
		Release|Any CPU = Release|Any CPU
	EndGlobalSection
	GlobalSection(ProjectConfigurationPlatforms) = postSolution
		{5EED3DDE-B797-4006-A542-2B1A876F2D11}.Debug|Any CPU.ActiveCfg = Debug|Any CPU
		{5EED3DDE-B797-4006-A542-2B1A876F2D11}.Debug|Any CPU.Build.0 = Debug|Any CPU
		{5EED3DDE-B797-4006-A542-2B1A876F2D11}.Release|Any CPU.ActiveCfg = Release|Any CPU
		{5EED3DDE-B797-4006-A542-2B1A876F2D11}.Release|Any CPU.Build.0 = Release|Any CPU
		{ABEB498C-6BED-431F-B0CD-6BE3B3F42416}.Debug|Any CPU.ActiveCfg = Debug|Any CPU
		{ABEB498C-6BED-431F-B0CD-6BE3B3F42416}.Debug|Any CPU.Build.0 = Debug|Any CPU
		{ABEB498C-6BED-431F-B0CD-6BE3B3F42416}.Release|Any CPU.ActiveCfg = Release|Any CPU
		{ABEB498C-6BED-431F-B0CD-6BE3B3F42416}.Release|Any CPU.Build.0 = Release|Any CPU
		{E287C913-30C4-4166-B3BC-6231873A8226}.Debug|Any CPU.ActiveCfg = Debug|Any CPU
		{E287C913-30C4-4166-B3BC-6231873A8226}.Debug|Any CPU.Build.0 = Debug|Any CPU
		{E287C913-30C4-4166-B3BC-6231873A8226}.Release|Any CPU.ActiveCfg = Release|Any CPU
		{E287C913-30C4-4166-B3BC-6231873A8226}.Release|Any CPU.Build.0 = Release|Any CPU
		{7D41F178-55C9-4BCF-BC38-77FEA10A0671}.Debug|Any CPU.ActiveCfg = Debug|Any CPU
		{7D41F178-55C9-4BCF-BC38-77FEA10A0671}.Debug|Any CPU.Build.0 = Debug|Any CPU
		{7D41F178-55C9-4BCF-BC38-77FEA10A0671}.Release|Any CPU.ActiveCfg = Release|Any CPU
		{7D41F178-55C9-4BCF-BC38-77FEA10A0671}.Release|Any CPU.Build.0 = Release|Any CPU
	EndGlobalSection
	GlobalSection(SolutionProperties) = preSolution
		HideSolutionNode = FALSE
	EndGlobalSection
	GlobalSection(ExtensibilityGlobals) = postSolution
		SolutionGuid = {3492E779-A2F6-46D4-B6ED-E2FBBEA4DA7C}
	EndGlobalSection
EndGlobal
